
Microsoft Visual Studio Solution File, Format Version 12.00
# Visual Studio Version 17
VisualStudioVersion = 17.6.33815.320
MinimumVisualStudioVersion = 10.0.40219.1
Project("{FAE04EC0-301F-11D3-BF4B-00C04F79EFBC}") = "TextFilesProcessor", "TextFilesProcessor.csproj", "{FAD119AF-430B-4C7F-BB6B-C61BFE9831FF}"
EndProject
Global
	GlobalSection(SolutionConfigurationPlatforms) = preSolution
		Debug|Any CPU = Debug|Any CPU
		Release|Any CPU = Release|Any CPU
	EndGlobalSection
	GlobalSection(ProjectConfigurationPlatforms) = postSolution
		{FAD119AF-430B-4C7F-BB6B-C61BFE9831FF}.Debug|Any CPU.ActiveCfg = Debug|Any CPU
		{FAD119AF-430B-4C7F-BB6B-C61BFE9831FF}.Debug|Any CPU.Build.0 = Debug|Any CPU
		{FAD119AF-430B-4C7F-BB6B-C61BFE9831FF}.Release|Any CPU.ActiveCfg = Release|Any CPU
		{FAD119AF-430B-4C7F-BB6B-C61BFE9831FF}.Release|Any CPU.Build.0 = Release|Any CPU
	EndGlobalSection
	GlobalSection(SolutionProperties) = preSolution
		HideSolutionNode = FALSE
	EndGlobalSection
	GlobalSection(ExtensibilityGlobals) = postSolution
		SolutionGuid = {830976A7-69ED-49B7-B80B-11FEA201B899}
	EndGlobalSection
EndGlobal
